// !$*UTF8*$!
{
	archiveVersion = 1;
	classes = {
	};
	objectVersion = 50;
	objects = {

/* Begin PBXBuildFile section */
		70B55C862400AB07002A51CF /* AppDelegate.swift in Sources */ = {isa = PBXBuildFile; fileRef = 70B55C852400AB07002A51CF /* AppDelegate.swift */; };
		70B55C882400AB07002A51CF /* SceneDelegate.swift in Sources */ = {isa = PBXBuildFile; fileRef = 70B55C872400AB07002A51CF /* SceneDelegate.swift */; };
		70B55C8D2400AB07002A51CF /* Main.storyboard in Resources */ = {isa = PBXBuildFile; fileRef = 70B55C8B2400AB07002A51CF /* Main.storyboard */; };
		70B55C8F2400AB09002A51CF /* Assets.xcassets in Resources */ = {isa = PBXBuildFile; fileRef = 70B55C8E2400AB09002A51CF /* Assets.xcassets */; };
		70B55C922400AB09002A51CF /* LaunchScreen.storyboard in Resources */ = {isa = PBXBuildFile; fileRef = 70B55C902400AB09002A51CF /* LaunchScreen.storyboard */; };
		70B55C9D2400AB09002A51CF /* tumblr_v1Tests.swift in Sources */ = {isa = PBXBuildFile; fileRef = 70B55C9C2400AB09002A51CF /* tumblr_v1Tests.swift */; };
		70B55CA82400AB0A002A51CF /* tumblr_v1UITests.swift in Sources */ = {isa = PBXBuildFile; fileRef = 70B55CA72400AB0A002A51CF /* tumblr_v1UITests.swift */; };
		70B55CBC2400AC74002A51CF /* PhotoViewController.swift in Sources */ = {isa = PBXBuildFile; fileRef = 70B55CBB2400AC74002A51CF /* PhotoViewController.swift */; };
		70B55CBE2400B015002A51CF /* PhotoCell.swift in Sources */ = {isa = PBXBuildFile; fileRef = 70B55CBD2400B015002A51CF /* PhotoCell.swift */; };
		BBFEB7C924C9B486A305B3AB /* Pods_tumblr_v1_tumblr_v1UITests.framework in Frameworks */ = {isa = PBXBuildFile; fileRef = 133319F979F0A478ECD273C6 /* Pods_tumblr_v1_tumblr_v1UITests.framework */; };
		F2FAF552E844668CA5CAF72A /* Pods_tumblr_v1Tests.framework in Frameworks */ = {isa = PBXBuildFile; fileRef = ACABF2D9235F6B64028EC2E8 /* Pods_tumblr_v1Tests.framework */; };
		F3950632EC43EC8764A854DB /* Pods_tumblr_v1.framework in Frameworks */ = {isa = PBXBuildFile; fileRef = 046833266822E5C005F03937 /* Pods_tumblr_v1.framework */; };
/* End PBXBuildFile section */

/* Begin PBXContainerItemProxy section */
		70B55C992400AB09002A51CF /* PBXContainerItemProxy */ = {
			isa = PBXContainerItemProxy;
			containerPortal = 70B55C7A2400AB07002A51CF /* Project object */;
			proxyType = 1;
			remoteGlobalIDString = 70B55C812400AB07002A51CF;
			remoteInfo = tumblr_v1;
		};
		70B55CA42400AB0A002A51CF /* PBXContainerItemProxy */ = {
			isa = PBXContainerItemProxy;
			containerPortal = 70B55C7A2400AB07002A51CF /* Project object */;
			proxyType = 1;
			remoteGlobalIDString = 70B55C812400AB07002A51CF;
			remoteInfo = tumblr_v1;
		};
/* End PBXContainerItemProxy section */

/* Begin PBXFileReference section */
		046833266822E5C005F03937 /* Pods_tumblr_v1.framework */ = {isa = PBXFileReference; explicitFileType = wrapper.framework; includeInIndex = 0; path = Pods_tumblr_v1.framework; sourceTree = BUILT_PRODUCTS_DIR; };
		0EDCA13EAFE6BF1D34033456 /* Pods-tumblr_v1.release.xcconfig */ = {isa = PBXFileReference; includeInIndex = 1; lastKnownFileType = text.xcconfig; name = "Pods-tumblr_v1.release.xcconfig"; path = "Target Support Files/Pods-tumblr_v1/Pods-tumblr_v1.release.xcconfig"; sourceTree = "<group>"; };
		133319F979F0A478ECD273C6 /* Pods_tumblr_v1_tumblr_v1UITests.framework */ = {isa = PBXFileReference; explicitFileType = wrapper.framework; includeInIndex = 0; path = Pods_tumblr_v1_tumblr_v1UITests.framework; sourceTree = BUILT_PRODUCTS_DIR; };
		656D6C6B5A97705807682B23 /* Pods-tumblr_v1Tests.release.xcconfig */ = {isa = PBXFileReference; includeInIndex = 1; lastKnownFileType = text.xcconfig; name = "Pods-tumblr_v1Tests.release.xcconfig"; path = "Target Support Files/Pods-tumblr_v1Tests/Pods-tumblr_v1Tests.release.xcconfig"; sourceTree = "<group>"; };
		70B55C822400AB07002A51CF /* tumblr_v1.app */ = {isa = PBXFileReference; explicitFileType = wrapper.application; includeInIndex = 0; path = tumblr_v1.app; sourceTree = BUILT_PRODUCTS_DIR; };
		70B55C852400AB07002A51CF /* AppDelegate.swift */ = {isa = PBXFileReference; lastKnownFileType = sourcecode.swift; path = AppDelegate.swift; sourceTree = "<group>"; };
		70B55C872400AB07002A51CF /* SceneDelegate.swift */ = {isa = PBXFileReference; lastKnownFileType = sourcecode.swift; path = SceneDelegate.swift; sourceTree = "<group>"; };
		70B55C8C2400AB07002A51CF /* Base */ = {isa = PBXFileReference; lastKnownFileType = file.storyboard; name = Base; path = Base.lproj/Main.storyboard; sourceTree = "<group>"; };
		70B55C8E2400AB09002A51CF /* Assets.xcassets */ = {isa = PBXFileReference; lastKnownFileType = folder.assetcatalog; path = Assets.xcassets; sourceTree = "<group>"; };
		70B55C912400AB09002A51CF /* Base */ = {isa = PBXFileReference; lastKnownFileType = file.storyboard; name = Base; path = Base.lproj/LaunchScreen.storyboard; sourceTree = "<group>"; };
		70B55C932400AB09002A51CF /* Info.plist */ = {isa = PBXFileReference; lastKnownFileType = text.plist.xml; path = Info.plist; sourceTree = "<group>"; };
		70B55C982400AB09002A51CF /* tumblr_v1Tests.xctest */ = {isa = PBXFileReference; explicitFileType = wrapper.cfbundle; includeInIndex = 0; path = tumblr_v1Tests.xctest; sourceTree = BUILT_PRODUCTS_DIR; };
		70B55C9C2400AB09002A51CF /* tumblr_v1Tests.swift */ = {isa = PBXFileReference; lastKnownFileType = sourcecode.swift; path = tumblr_v1Tests.swift; sourceTree = "<group>"; };
		70B55C9E2400AB09002A51CF /* Info.plist */ = {isa = PBXFileReference; lastKnownFileType = text.plist.xml; path = Info.plist; sourceTree = "<group>"; };
		70B55CA32400AB0A002A51CF /* tumblr_v1UITests.xctest */ = {isa = PBXFileReference; explicitFileType = wrapper.cfbundle; includeInIndex = 0; path = tumblr_v1UITests.xctest; sourceTree = BUILT_PRODUCTS_DIR; };
		70B55CA72400AB0A002A51CF /* tumblr_v1UITests.swift */ = {isa = PBXFileReference; lastKnownFileType = sourcecode.swift; path = tumblr_v1UITests.swift; sourceTree = "<group>"; };
		70B55CA92400AB0A002A51CF /* Info.plist */ = {isa = PBXFileReference; lastKnownFileType = text.plist.xml; path = Info.plist; sourceTree = "<group>"; };
		70B55CBB2400AC74002A51CF /* PhotoViewController.swift */ = {isa = PBXFileReference; lastKnownFileType = sourcecode.swift; path = PhotoViewController.swift; sourceTree = "<group>"; };
		70B55CBD2400B015002A51CF /* PhotoCell.swift */ = {isa = PBXFileReference; lastKnownFileType = sourcecode.swift; path = PhotoCell.swift; sourceTree = "<group>"; };
		76986E50809E1769E2675706 /* Pods-tumblr_v1-tumblr_v1UITests.debug.xcconfig */ = {isa = PBXFileReference; includeInIndex = 1; lastKnownFileType = text.xcconfig; name = "Pods-tumblr_v1-tumblr_v1UITests.debug.xcconfig"; path = "Target Support Files/Pods-tumblr_v1-tumblr_v1UITests/Pods-tumblr_v1-tumblr_v1UITests.debug.xcconfig"; sourceTree = "<group>"; };
		ACABF2D9235F6B64028EC2E8 /* Pods_tumblr_v1Tests.framework */ = {isa = PBXFileReference; explicitFileType = wrapper.framework; includeInIndex = 0; path = Pods_tumblr_v1Tests.framework; sourceTree = BUILT_PRODUCTS_DIR; };
		C3BA400CDEBD62D6A2DDEDB4 /* Pods-tumblr_v1-tumblr_v1UITests.release.xcconfig */ = {isa = PBXFileReference; includeInIndex = 1; lastKnownFileType = text.xcconfig; name = "Pods-tumblr_v1-tumblr_v1UITests.release.xcconfig"; path = "Target Support Files/Pods-tumblr_v1-tumblr_v1UITests/Pods-tumblr_v1-tumblr_v1UITests.release.xcconfig"; sourceTree = "<group>"; };
		EA3D601D78FE80248EC240AC /* Pods-tumblr_v1Tests.debug.xcconfig */ = {isa = PBXFileReference; includeInIndex = 1; lastKnownFileType = text.xcconfig; name = "Pods-tumblr_v1Tests.debug.xcconfig"; path = "Target Support Files/Pods-tumblr_v1Tests/Pods-tumblr_v1Tests.debug.xcconfig"; sourceTree = "<group>"; };
		FC2262C4DC74E29ABBC3FD93 /* Pods-tumblr_v1.debug.xcconfig */ = {isa = PBXFileReference; includeInIndex = 1; lastKnownFileType = text.xcconfig; name = "Pods-tumblr_v1.debug.xcconfig"; path = "Target Support Files/Pods-tumblr_v1/Pods-tumblr_v1.debug.xcconfig"; sourceTree = "<group>"; };
/* End PBXFileReference section */

/* Begin PBXFrameworksBuildPhase section */
		70B55C7F2400AB07002A51CF /* Frameworks */ = {
			isa = PBXFrameworksBuildPhase;
			buildActionMask = 2147483647;
			files = (
				F3950632EC43EC8764A854DB /* Pods_tumblr_v1.framework in Frameworks */,
			);
			runOnlyForDeploymentPostprocessing = 0;
		};
		70B55C952400AB09002A51CF /* Frameworks */ = {
			isa = PBXFrameworksBuildPhase;
			buildActionMask = 2147483647;
			files = (
				F2FAF552E844668CA5CAF72A /* Pods_tumblr_v1Tests.framework in Frameworks */,
			);
			runOnlyForDeploymentPostprocessing = 0;
		};
		70B55CA02400AB0A002A51CF /* Frameworks */ = {
			isa = PBXFrameworksBuildPhase;
			buildActionMask = 2147483647;
			files = (
				BBFEB7C924C9B486A305B3AB /* Pods_tumblr_v1_tumblr_v1UITests.framework in Frameworks */,
			);
			runOnlyForDeploymentPostprocessing = 0;
		};
/* End PBXFrameworksBuildPhase section */

/* Begin PBXGroup section */
		32193A34C48C77391F1AD053 /* Pods */ = {
			isa = PBXGroup;
			children = (
				FC2262C4DC74E29ABBC3FD93 /* Pods-tumblr_v1.debug.xcconfig */,
				0EDCA13EAFE6BF1D34033456 /* Pods-tumblr_v1.release.xcconfig */,
				76986E50809E1769E2675706 /* Pods-tumblr_v1-tumblr_v1UITests.debug.xcconfig */,
				C3BA400CDEBD62D6A2DDEDB4 /* Pods-tumblr_v1-tumblr_v1UITests.release.xcconfig */,
				EA3D601D78FE80248EC240AC /* Pods-tumblr_v1Tests.debug.xcconfig */,
				656D6C6B5A97705807682B23 /* Pods-tumblr_v1Tests.release.xcconfig */,
			);
			name = Pods;
			path = Pods;
			sourceTree = "<group>";
		};
		70B55C792400AB07002A51CF = {
			isa = PBXGroup;
			children = (
				70B55CBB2400AC74002A51CF /* PhotoViewController.swift */,
				70B55C8B2400AB07002A51CF /* Main.storyboard */,
				70B55CBD2400B015002A51CF /* PhotoCell.swift */,
				70B55C842400AB07002A51CF /* tumblr_v1 */,
				70B55C9B2400AB09002A51CF /* tumblr_v1Tests */,
				70B55CA62400AB0A002A51CF /* tumblr_v1UITests */,
				70B55C832400AB07002A51CF /* Products */,
				32193A34C48C77391F1AD053 /* Pods */,
				CC7E4E39135E8BB2F5C8BE57 /* Frameworks */,
			);
			sourceTree = "<group>";
		};
		70B55C832400AB07002A51CF /* Products */ = {
			isa = PBXGroup;
			children = (
				70B55C822400AB07002A51CF /* tumblr_v1.app */,
				70B55C982400AB09002A51CF /* tumblr_v1Tests.xctest */,
				70B55CA32400AB0A002A51CF /* tumblr_v1UITests.xctest */,
			);
			name = Products;
			sourceTree = "<group>";
		};
		70B55C842400AB07002A51CF /* tumblr_v1 */ = {
			isa = PBXGroup;
			children = (
				70B55C852400AB07002A51CF /* AppDelegate.swift */,
				70B55C872400AB07002A51CF /* SceneDelegate.swift */,
				70B55C8E2400AB09002A51CF /* Assets.xcassets */,
				70B55C902400AB09002A51CF /* LaunchScreen.storyboard */,
				70B55C932400AB09002A51CF /* Info.plist */,
			);
			path = tumblr_v1;
			sourceTree = "<group>";
		};
		70B55C9B2400AB09002A51CF /* tumblr_v1Tests */ = {
			isa = PBXGroup;
			children = (
				70B55C9C2400AB09002A51CF /* tumblr_v1Tests.swift */,
				70B55C9E2400AB09002A51CF /* Info.plist */,
			);
			path = tumblr_v1Tests;
			sourceTree = "<group>";
		};
		70B55CA62400AB0A002A51CF /* tumblr_v1UITests */ = {
			isa = PBXGroup;
			children = (
				70B55CA72400AB0A002A51CF /* tumblr_v1UITests.swift */,
				70B55CA92400AB0A002A51CF /* Info.plist */,
			);
			path = tumblr_v1UITests;
			sourceTree = "<group>";
		};
		CC7E4E39135E8BB2F5C8BE57 /* Frameworks */ = {
			isa = PBXGroup;
			children = (
				046833266822E5C005F03937 /* Pods_tumblr_v1.framework */,
				133319F979F0A478ECD273C6 /* Pods_tumblr_v1_tumblr_v1UITests.framework */,
				ACABF2D9235F6B64028EC2E8 /* Pods_tumblr_v1Tests.framework */,
			);
			name = Frameworks;
			sourceTree = "<group>";
		};
/* End PBXGroup section */

/* Begin PBXNativeTarget section */
		70B55C812400AB07002A51CF /* tumblr_v1 */ = {
			isa = PBXNativeTarget;
			buildConfigurationList = 70B55CAC2400AB0A002A51CF /* Build configuration list for PBXNativeTarget "tumblr_v1" */;
			buildPhases = (
				9063FDC0C32F21EC05608237 /* [CP] Check Pods Manifest.lock */,
				70B55C7E2400AB07002A51CF /* Sources */,
				70B55C7F2400AB07002A51CF /* Frameworks */,
				70B55C802400AB07002A51CF /* Resources */,
				3C7B6DA5E8E4D94551935296 /* [CP] Embed Pods Frameworks */,
			);
			buildRules = (
			);
			dependencies = (
			);
			name = tumblr_v1;
			productName = tumblr_v1;
			productReference = 70B55C822400AB07002A51CF /* tumblr_v1.app */;
			productType = "com.apple.product-type.application";
		};
		70B55C972400AB09002A51CF /* tumblr_v1Tests */ = {
			isa = PBXNativeTarget;
			buildConfigurationList = 70B55CAF2400AB0A002A51CF /* Build configuration list for PBXNativeTarget "tumblr_v1Tests" */;
			buildPhases = (
				5F8735F7E8E65E7A45C757DC /* [CP] Check Pods Manifest.lock */,
				70B55C942400AB09002A51CF /* Sources */,
				70B55C952400AB09002A51CF /* Frameworks */,
				70B55C962400AB09002A51CF /* Resources */,
			);
			buildRules = (
			);
			dependencies = (
				70B55C9A2400AB09002A51CF /* PBXTargetDependency */,
			);
			name = tumblr_v1Tests;
			productName = tumblr_v1Tests;
			productReference = 70B55C982400AB09002A51CF /* tumblr_v1Tests.xctest */;
			productType = "com.apple.product-type.bundle.unit-test";
		};
		70B55CA22400AB0A002A51CF /* tumblr_v1UITests */ = {
			isa = PBXNativeTarget;
			buildConfigurationList = 70B55CB22400AB0A002A51CF /* Build configuration list for PBXNativeTarget "tumblr_v1UITests" */;
			buildPhases = (
				86EC773BDC9A2648CC792BD5 /* [CP] Check Pods Manifest.lock */,
				70B55C9F2400AB0A002A51CF /* Sources */,
				70B55CA02400AB0A002A51CF /* Frameworks */,
				70B55CA12400AB0A002A51CF /* Resources */,
				66A5838A9127EA5EFBBC4C45 /* [CP] Embed Pods Frameworks */,
			);
			buildRules = (
			);
			dependencies = (
				70B55CA52400AB0A002A51CF /* PBXTargetDependency */,
			);
			name = tumblr_v1UITests;
			productName = tumblr_v1UITests;
			productReference = 70B55CA32400AB0A002A51CF /* tumblr_v1UITests.xctest */;
			productType = "com.apple.product-type.bundle.ui-testing";
		};
/* End PBXNativeTarget section */

/* Begin PBXProject section */
		70B55C7A2400AB07002A51CF /* Project object */ = {
			isa = PBXProject;
			attributes = {
				LastSwiftUpdateCheck = 1130;
				LastUpgradeCheck = 1130;
				ORGANIZATIONNAME = "Roneil Sembrano";
				TargetAttributes = {
					70B55C812400AB07002A51CF = {
						CreatedOnToolsVersion = 11.3;
					};
					70B55C972400AB09002A51CF = {
						CreatedOnToolsVersion = 11.3;
						TestTargetID = 70B55C812400AB07002A51CF;
					};
					70B55CA22400AB0A002A51CF = {
						CreatedOnToolsVersion = 11.3;
						TestTargetID = 70B55C812400AB07002A51CF;
					};
				};
			};
			buildConfigurationList = 70B55C7D2400AB07002A51CF /* Build configuration list for PBXProject "tumblr_v1" */;
			compatibilityVersion = "Xcode 9.3";
			developmentRegion = en;
			hasScannedForEncodings = 0;
			knownRegions = (
				en,
				Base,
			);
			mainGroup = 70B55C792400AB07002A51CF;
			productRefGroup = 70B55C832400AB07002A51CF /* Products */;
			projectDirPath = "";
			projectRoot = "";
			targets = (
				70B55C812400AB07002A51CF /* tumblr_v1 */,
				70B55C972400AB09002A51CF /* tumblr_v1Tests */,
				70B55CA22400AB0A002A51CF /* tumblr_v1UITests */,
			);
		};
/* End PBXProject section */

/* Begin PBXResourcesBuildPhase section */
		70B55C802400AB07002A51CF /* Resources */ = {
			isa = PBXResourcesBuildPhase;
			buildActionMask = 2147483647;
			files = (
				70B55C922400AB09002A51CF /* LaunchScreen.storyboard in Resources */,
				70B55C8F2400AB09002A51CF /* Assets.xcassets in Resources */,
				70B55C8D2400AB07002A51CF /* Main.storyboard in Resources */,
			);
			runOnlyForDeploymentPostprocessing = 0;
		};
		70B55C962400AB09002A51CF /* Resources */ = {
			isa = PBXResourcesBuildPhase;
			buildActionMask = 2147483647;
			files = (
			);
			runOnlyForDeploymentPostprocessing = 0;
		};
		70B55CA12400AB0A002A51CF /* Resources */ = {
			isa = PBXResourcesBuildPhase;
			buildActionMask = 2147483647;
			files = (
			);
			runOnlyForDeploymentPostprocessing = 0;
		};
/* End PBXResourcesBuildPhase section */

/* Begin PBXShellScriptBuildPhase section */
		3C7B6DA5E8E4D94551935296 /* [CP] Embed Pods Frameworks */ = {
			isa = PBXShellScriptBuildPhase;
			buildActionMask = 2147483647;
			files = (
			);
			inputFileListPaths = (
				"${PODS_ROOT}/Target Support Files/Pods-tumblr_v1/Pods-tumblr_v1-frameworks-${CONFIGURATION}-input-files.xcfilelist",
			);
			name = "[CP] Embed Pods Frameworks";
			outputFileListPaths = (
				"${PODS_ROOT}/Target Support Files/Pods-tumblr_v1/Pods-tumblr_v1-frameworks-${CONFIGURATION}-output-files.xcfilelist",
			);
			runOnlyForDeploymentPostprocessing = 0;
			shellPath = /bin/sh;
			shellScript = "\"${PODS_ROOT}/Target Support Files/Pods-tumblr_v1/Pods-tumblr_v1-frameworks.sh\"\n";
			showEnvVarsInLog = 0;
		};
		5F8735F7E8E65E7A45C757DC /* [CP] Check Pods Manifest.lock */ = {
			isa = PBXShellScriptBuildPhase;
			buildActionMask = 2147483647;
			files = (
			);
			inputFileListPaths = (
			);
			inputPaths = (
				"${PODS_PODFILE_DIR_PATH}/Podfile.lock",
				"${PODS_ROOT}/Manifest.lock",
			);
			name = "[CP] Check Pods Manifest.lock";
			outputFileListPaths = (
			);
			outputPaths = (
				"$(DERIVED_FILE_DIR)/Pods-tumblr_v1Tests-checkManifestLockResult.txt",
			);
			runOnlyForDeploymentPostprocessing = 0;
			shellPath = /bin/sh;
			shellScript = "diff \"${PODS_PODFILE_DIR_PATH}/Podfile.lock\" \"${PODS_ROOT}/Manifest.lock\" > /dev/null\nif [ $? != 0 ] ; then\n    # print error to STDERR\n    echo \"error: The sandbox is not in sync with the Podfile.lock. Run 'pod install' or update your CocoaPods installation.\" >&2\n    exit 1\nfi\n# This output is used by Xcode 'outputs' to avoid re-running this script phase.\necho \"SUCCESS\" > \"${SCRIPT_OUTPUT_FILE_0}\"\n";
			showEnvVarsInLog = 0;
		};
		66A5838A9127EA5EFBBC4C45 /* [CP] Embed Pods Frameworks */ = {
			isa = PBXShellScriptBuildPhase;
			buildActionMask = 2147483647;
			files = (
			);
			inputFileListPaths = (
				"${PODS_ROOT}/Target Support Files/Pods-tumblr_v1-tumblr_v1UITests/Pods-tumblr_v1-tumblr_v1UITests-frameworks-${CONFIGURATION}-input-files.xcfilelist",
			);
			name = "[CP] Embed Pods Frameworks";
			outputFileListPaths = (
				"${PODS_ROOT}/Target Support Files/Pods-tumblr_v1-tumblr_v1UITests/Pods-tumblr_v1-tumblr_v1UITests-frameworks-${CONFIGURATION}-output-files.xcfilelist",
			);
			runOnlyForDeploymentPostprocessing = 0;
			shellPath = /bin/sh;
			shellScript = "\"${PODS_ROOT}/Target Support Files/Pods-tumblr_v1-tumblr_v1UITests/Pods-tumblr_v1-tumblr_v1UITests-frameworks.sh\"\n";
			showEnvVarsInLog = 0;
		};
		86EC773BDC9A2648CC792BD5 /* [CP] Check Pods Manifest.lock */ = {
			isa = PBXShellScriptBuildPhase;
			buildActionMask = 2147483647;
			files = (
			);
			inputFileListPaths = (
			);
			inputPaths = (
				"${PODS_PODFILE_DIR_PATH}/Podfile.lock",
				"${PODS_ROOT}/Manifest.lock",
			);
			name = "[CP] Check Pods Manifest.lock";
			outputFileListPaths = (
			);
			outputPaths = (
				"$(DERIVED_FILE_DIR)/Pods-tumblr_v1-tumblr_v1UITests-checkManifestLockResult.txt",
			);
			runOnlyForDeploymentPostprocessing = 0;
			shellPath = /bin/sh;
			shellScript = "diff \"${PODS_PODFILE_DIR_PATH}/Podfile.lock\" \"${PODS_ROOT}/Manifest.lock\" > /dev/null\nif [ $? != 0 ] ; then\n    # print error to STDERR\n    echo \"error: The sandbox is not in sync with the Podfile.lock. Run 'pod install' or update your CocoaPods installation.\" >&2\n    exit 1\nfi\n# This output is used by Xcode 'outputs' to avoid re-running this script phase.\necho \"SUCCESS\" > \"${SCRIPT_OUTPUT_FILE_0}\"\n";
			showEnvVarsInLog = 0;
		};
		9063FDC0C32F21EC05608237 /* [CP] Check Pods Manifest.lock */ = {
			isa = PBXShellScriptBuildPhase;
			buildActionMask = 2147483647;
			files = (
			);
			inputFileListPaths = (
			);
			inputPaths = (
				"${PODS_PODFILE_DIR_PATH}/Podfile.lock",
				"${PODS_ROOT}/Manifest.lock",
			);
			name = "[CP] Check Pods Manifest.lock";
			outputFileListPaths = (
			);
			outputPaths = (
				"$(DERIVED_FILE_DIR)/Pods-tumblr_v1-checkManifestLockResult.txt",
			);
			runOnlyForDeploymentPostprocessing = 0;
			shellPath = /bin/sh;
			shellScript = "diff \"${PODS_PODFILE_DIR_PATH}/Podfile.lock\" \"${PODS_ROOT}/Manifest.lock\" > /dev/null\nif [ $? != 0 ] ; then\n    # print error to STDERR\n    echo \"error: The sandbox is not in sync with the Podfile.lock. Run 'pod install' or update your CocoaPods installation.\" >&2\n    exit 1\nfi\n# This output is used by Xcode 'outputs' to avoid re-running this script phase.\necho \"SUCCESS\" > \"${SCRIPT_OUTPUT_FILE_0}\"\n";
			showEnvVarsInLog = 0;
		};
/* End PBXShellScriptBuildPhase section */

/* Begin PBXSourcesBuildPhase section */
		70B55C7E2400AB07002A51CF /* Sources */ = {
			isa = PBXSourcesBuildPhase;
			buildActionMask = 2147483647;
			files = (
				70B55CBE2400B015002A51CF /* PhotoCell.swift in Sources */,
				70B55C862400AB07002A51CF /* AppDelegate.swift in Sources */,
				70B55C882400AB07002A51CF /* SceneDelegate.swift in Sources */,
				70B55CBC2400AC74002A51CF /* PhotoViewController.swift in Sources */,
			);
			runOnlyForDeploymentPostprocessing = 0;
		};
		70B55C942400AB09002A51CF /* Sources */ = {
			isa = PBXSourcesBuildPhase;
			buildActionMask = 2147483647;
			files = (
				70B55C9D2400AB09002A51CF /* tumblr_v1Tests.swift in Sources */,
			);
			runOnlyForDeploymentPostprocessing = 0;
		};
		70B55C9F2400AB0A002A51CF /* Sources */ = {
			isa = PBXSourcesBuildPhase;
			buildActionMask = 2147483647;
			files = (
				70B55CA82400AB0A002A51CF /* tumblr_v1UITests.swift in Sources */,
			);
			runOnlyForDeploymentPostprocessing = 0;
		};
/* End PBXSourcesBuildPhase section */

/* Begin PBXTargetDependency section */
		70B55C9A2400AB09002A51CF /* PBXTargetDependency */ = {
			isa = PBXTargetDependency;
			target = 70B55C812400AB07002A51CF /* tumblr_v1 */;
			targetProxy = 70B55C992400AB09002A51CF /* PBXContainerItemProxy */;
		};
		70B55CA52400AB0A002A51CF /* PBXTargetDependency */ = {
			isa = PBXTargetDependency;
			target = 70B55C812400AB07002A51CF /* tumblr_v1 */;
			targetProxy = 70B55CA42400AB0A002A51CF /* PBXContainerItemProxy */;
		};
/* End PBXTargetDependency section */

/* Begin PBXVariantGroup section */
		70B55C8B2400AB07002A51CF /* Main.storyboard */ = {
			isa = PBXVariantGroup;
			children = (
				70B55C8C2400AB07002A51CF /* Base */,
			);
			name = Main.storyboard;
			sourceTree = "<group>";
		};
		70B55C902400AB09002A51CF /* LaunchScreen.storyboard */ = {
			isa = PBXVariantGroup;
			children = (
				70B55C912400AB09002A51CF /* Base */,
			);
			name = LaunchScreen.storyboard;
			sourceTree = "<group>";
		};
/* End PBXVariantGroup section */

/* Begin XCBuildConfiguration section */
		70B55CAA2400AB0A002A51CF /* Debug */ = {
			isa = XCBuildConfiguration;
			buildSettings = {
				ALWAYS_SEARCH_USER_PATHS = NO;
				CLANG_ANALYZER_NONNULL = YES;
				CLANG_ANALYZER_NUMBER_OBJECT_CONVERSION = YES_AGGRESSIVE;
				CLANG_CXX_LANGUAGE_STANDARD = "gnu++14";
				CLANG_CXX_LIBRARY = "libc++";
				CLANG_ENABLE_MODULES = YES;
				CLANG_ENABLE_OBJC_ARC = YES;
				CLANG_ENABLE_OBJC_WEAK = YES;
				CLANG_WARN_BLOCK_CAPTURE_AUTORELEASING = YES;
				CLANG_WARN_BOOL_CONVERSION = YES;
				CLANG_WARN_COMMA = YES;
				CLANG_WARN_CONSTANT_CONVERSION = YES;
				CLANG_WARN_DEPRECATED_OBJC_IMPLEMENTATIONS = YES;
				CLANG_WARN_DIRECT_OBJC_ISA_USAGE = YES_ERROR;
				CLANG_WARN_DOCUMENTATION_COMMENTS = YES;
				CLANG_WARN_EMPTY_BODY = YES;
				CLANG_WARN_ENUM_CONVERSION = YES;
				CLANG_WARN_INFINITE_RECURSION = YES;
				CLANG_WARN_INT_CONVERSION = YES;
				CLANG_WARN_NON_LITERAL_NULL_CONVERSION = YES;
				CLANG_WARN_OBJC_IMPLICIT_RETAIN_SELF = YES;
				CLANG_WARN_OBJC_LITERAL_CONVERSION = YES;
				CLANG_WARN_OBJC_ROOT_CLASS = YES_ERROR;
				CLANG_WARN_RANGE_LOOP_ANALYSIS = YES;
				CLANG_WARN_STRICT_PROTOTYPES = YES;
				CLANG_WARN_SUSPICIOUS_MOVE = YES;
				CLANG_WARN_UNGUARDED_AVAILABILITY = YES_AGGRESSIVE;
				CLANG_WARN_UNREACHABLE_CODE = YES;
				CLANG_WARN__DUPLICATE_METHOD_MATCH = YES;
				COPY_PHASE_STRIP = NO;
				DEBUG_INFORMATION_FORMAT = dwarf;
				ENABLE_STRICT_OBJC_MSGSEND = YES;
				ENABLE_TESTABILITY = YES;
				GCC_C_LANGUAGE_STANDARD = gnu11;
				GCC_DYNAMIC_NO_PIC = NO;
				GCC_NO_COMMON_BLOCKS = YES;
				GCC_OPTIMIZATION_LEVEL = 0;
				GCC_PREPROCESSOR_DEFINITIONS = (
					"DEBUG=1",
					"$(inherited)",
				);
				GCC_WARN_64_TO_32_BIT_CONVERSION = YES;
				GCC_WARN_ABOUT_RETURN_TYPE = YES_ERROR;
				GCC_WARN_UNDECLARED_SELECTOR = YES;
				GCC_WARN_UNINITIALIZED_AUTOS = YES_AGGRESSIVE;
				GCC_WARN_UNUSED_FUNCTION = YES;
				GCC_WARN_UNUSED_VARIABLE = YES;
				IPHONEOS_DEPLOYMENT_TARGET = 13.2;
				MTL_ENABLE_DEBUG_INFO = INCLUDE_SOURCE;
				MTL_FAST_MATH = YES;
				ONLY_ACTIVE_ARCH = YES;
				SDKROOT = iphoneos;
				SWIFT_ACTIVE_COMPILATION_CONDITIONS = DEBUG;
				SWIFT_OPTIMIZATION_LEVEL = "-Onone";
			};
			name = Debug;
		};
		70B55CAB2400AB0A002A51CF /* Release */ = {
			isa = XCBuildConfiguration;
			buildSettings = {
				ALWAYS_SEARCH_USER_PATHS = NO;
				CLANG_ANALYZER_NONNULL = YES;
				CLANG_ANALYZER_NUMBER_OBJECT_CONVERSION = YES_AGGRESSIVE;
				CLANG_CXX_LANGUAGE_STANDARD = "gnu++14";
				CLANG_CXX_LIBRARY = "libc++";
				CLANG_ENABLE_MODULES = YES;
				CLANG_ENABLE_OBJC_ARC = YES;
				CLANG_ENABLE_OBJC_WEAK = YES;
				CLANG_WARN_BLOCK_CAPTURE_AUTORELEASING = YES;
				CLANG_WARN_BOOL_CONVERSION = YES;
				CLANG_WARN_COMMA = YES;
				CLANG_WARN_CONSTANT_CONVERSION = YES;
				CLANG_WARN_DEPRECATED_OBJC_IMPLEMENTATIONS = YES;
				CLANG_WARN_DIRECT_OBJC_ISA_USAGE = YES_ERROR;
				CLANG_WARN_DOCUMENTATION_COMMENTS = YES;
				CLANG_WARN_EMPTY_BODY = YES;
				CLANG_WARN_ENUM_CONVERSION = YES;
				CLANG_WARN_INFINITE_RECURSION = YES;
				CLANG_WARN_INT_CONVERSION = YES;
				CLANG_WARN_NON_LITERAL_NULL_CONVERSION = YES;
				CLANG_WARN_OBJC_IMPLICIT_RETAIN_SELF = YES;
				CLANG_WARN_OBJC_LITERAL_CONVERSION = YES;
				CLANG_WARN_OBJC_ROOT_CLASS = YES_ERROR;
				CLANG_WARN_RANGE_LOOP_ANALYSIS = YES;
				CLANG_WARN_STRICT_PROTOTYPES = YES;
				CLANG_WARN_SUSPICIOUS_MOVE = YES;
				CLANG_WARN_UNGUARDED_AVAILABILITY = YES_AGGRESSIVE;
				CLANG_WARN_UNREACHABLE_CODE = YES;
				CLANG_WARN__DUPLICATE_METHOD_MATCH = YES;
				COPY_PHASE_STRIP = NO;
				DEBUG_INFORMATION_FORMAT = "dwarf-with-dsym";
				ENABLE_NS_ASSERTIONS = NO;
				ENABLE_STRICT_OBJC_MSGSEND = YES;
				GCC_C_LANGUAGE_STANDARD = gnu11;
				GCC_NO_COMMON_BLOCKS = YES;
				GCC_WARN_64_TO_32_BIT_CONVERSION = YES;
				GCC_WARN_ABOUT_RETURN_TYPE = YES_ERROR;
				GCC_WARN_UNDECLARED_SELECTOR = YES;
				GCC_WARN_UNINITIALIZED_AUTOS = YES_AGGRESSIVE;
				GCC_WARN_UNUSED_FUNCTION = YES;
				GCC_WARN_UNUSED_VARIABLE = YES;
				IPHONEOS_DEPLOYMENT_TARGET = 13.2;
				MTL_ENABLE_DEBUG_INFO = NO;
				MTL_FAST_MATH = YES;
				SDKROOT = iphoneos;
				SWIFT_COMPILATION_MODE = wholemodule;
				SWIFT_OPTIMIZATION_LEVEL = "-O";
				VALIDATE_PRODUCT = YES;
			};
			name = Release;
		};
		70B55CAD2400AB0A002A51CF /* Debug */ = {
			isa = XCBuildConfiguration;
			baseConfigurationReference = FC2262C4DC74E29ABBC3FD93 /* Pods-tumblr_v1.debug.xcconfig */;
			buildSettings = {
				ASSETCATALOG_COMPILER_APPICON_NAME = AppIcon;
				CODE_SIGN_STYLE = Automatic;
				INFOPLIST_FILE = tumblr_v1/Info.plist;
				LD_RUNPATH_SEARCH_PATHS = (
					"$(inherited)",
					"@executable_path/Frameworks",
				);
				PRODUCT_BUNDLE_IDENTIFIER = "Practice.tumblr-v1";
				PRODUCT_NAME = "$(TARGET_NAME)";
				SWIFT_VERSION = 5.0;
				TARGETED_DEVICE_FAMILY = "1,2";
			};
			name = Debug;
		};
		70B55CAE2400AB0A002A51CF /* Release */ = {
			isa = XCBuildConfiguration;
			baseConfigurationReference = 0EDCA13EAFE6BF1D34033456 /* Pods-tumblr_v1.release.xcconfig */;
			buildSettings = {
				ASSETCATALOG_COMPILER_APPICON_NAME = AppIcon;
				CODE_SIGN_STYLE = Automatic;
				INFOPLIST_FILE = tumblr_v1/Info.plist;
				LD_RUNPATH_SEARCH_PATHS = (
					"$(inherited)",
					"@executable_path/Frameworks",
				);
				PRODUCT_BUNDLE_IDENTIFIER = "Practice.tumblr-v1";
				PRODUCT_NAME = "$(TARGET_NAME)";
				SWIFT_VERSION = 5.0;
				TARGETED_DEVICE_FAMILY = "1,2";
			};
			name = Release;
		};
		70B55CB02400AB0A002A51CF /* Debug */ = {
			isa = XCBuildConfiguration;
			baseConfigurationReference = EA3D601D78FE80248EC240AC /* Pods-tumblr_v1Tests.debug.xcconfig */;
			buildSettings = {
				ALWAYS_EMBED_SWIFT_STANDARD_LIBRARIES = YES;
				BUNDLE_LOADER = "$(TEST_HOST)";
				CODE_SIGN_STYLE = Automatic;
				INFOPLIST_FILE = tumblr_v1Tests/Info.plist;
				IPHONEOS_DEPLOYMENT_TARGET = 13.2;
				LD_RUNPATH_SEARCH_PATHS = (
					"$(inherited)",
					"@executable_path/Frameworks",
					"@loader_path/Frameworks",
				);
				PRODUCT_BUNDLE_IDENTIFIER = "Practice.tumblr-v1Tests";
				PRODUCT_NAME = "$(TARGET_NAME)";
				SWIFT_VERSION = 5.0;
				TARGETED_DEVICE_FAMILY = "1,2";
				TEST_HOST = "$(BUILT_PRODUCTS_DIR)/tumblr_v1.app/tumblr_v1";
			};
			name = Debug;
		};
		70B55CB12400AB0A002A51CF /* Release */ = {
			isa = XCBuildConfiguration;
			baseConfigurationReference = 656D6C6B5A97705807682B23 /* Pods-tumblr_v1Tests.release.xcconfig */;
			buildSettings = {
				ALWAYS_EMBED_SWIFT_STANDARD_LIBRARIES = YES;
				BUNDLE_LOADER = "$(TEST_HOST)";
				CODE_SIGN_STYLE = Automatic;
				INFOPLIST_FILE = tumblr_v1Tests/Info.plist;
				IPHONEOS_DEPLOYMENT_TARGET = 13.2;
				LD_RUNPATH_SEARCH_PATHS = (
					"$(inherited)",
					"@executable_path/Frameworks",
					"@loader_path/Frameworks",
				);
				PRODUCT_BUNDLE_IDENTIFIER = "Practice.tumblr-v1Tests";
				PRODUCT_NAME = "$(TARGET_NAME)";
				SWIFT_VERSION = 5.0;
				TARGETED_DEVICE_FAMILY = "1,2";
				TEST_HOST = "$(BUILT_PRODUCTS_DIR)/tumblr_v1.app/tumblr_v1";
			};
			name = Release;
		};
		70B55CB32400AB0A002A51CF /* Debug */ = {
			isa = XCBuildConfiguration;
			baseConfigurationReference = 76986E50809E1769E2675706 /* Pods-tumblr_v1-tumblr_v1UITests.debug.xcconfig */;
			buildSettings = {
				ALWAYS_EMBED_SWIFT_STANDARD_LIBRARIES = YES;
				CODE_SIGN_STYLE = Automatic;
				INFOPLIST_FILE = tumblr_v1UITests/Info.plist;
				LD_RUNPATH_SEARCH_PATHS = (
					"$(inherited)",
					"@executable_path/Frameworks",
					"@loader_path/Frameworks",
				);
				PRODUCT_BUNDLE_IDENTIFIER = "Practice.tumblr-v1UITests";
				PRODUCT_NAME = "$(TARGET_NAME)";
				SWIFT_VERSION = 5.0;
				TARGETED_DEVICE_FAMILY = "1,2";
				TEST_TARGET_NAME = tumblr_v1;
			};
			name = Debug;
		};
		70B55CB42400AB0A002A51CF /* Release */ = {
			isa = XCBuildConfiguration;
			baseConfigurationReference = C3BA400CDEBD62D6A2DDEDB4 /* Pods-tumblr_v1-tumblr_v1UITests.release.xcconfig */;
			buildSettings = {
				ALWAYS_EMBED_SWIFT_STANDARD_LIBRARIES = YES;
				CODE_SIGN_STYLE = Automatic;
				INFOPLIST_FILE = tumblr_v1UITests/Info.plist;
				LD_RUNPATH_SEARCH_PATHS = (
					"$(inherited)",
					"@executable_path/Frameworks",
					"@loader_path/Frameworks",
				);
				PRODUCT_BUNDLE_IDENTIFIER = "Practice.tumblr-v1UITests";
				PRODUCT_NAME = "$(TARGET_NAME)";
				SWIFT_VERSION = 5.0;
				TARGETED_DEVICE_FAMILY = "1,2";
				TEST_TARGET_NAME = tumblr_v1;
			};
			name = Release;
		};
/* End XCBuildConfiguration section */

/* Begin XCConfigurationList section */
		70B55C7D2400AB07002A51CF /* Build configuration list for PBXProject "tumblr_v1" */ = {
			isa = XCConfigurationList;
			buildConfigurations = (
				70B55CAA2400AB0A002A51CF /* Debug */,
				70B55CAB2400AB0A002A51CF /* Release */,
			);
			defaultConfigurationIsVisible = 0;
			defaultConfigurationName = Release;
		};
		70B55CAC2400AB0A002A51CF /* Build configuration list for PBXNativeTarget "tumblr_v1" */ = {
			isa = XCConfigurationList;
			buildConfigurations = (
				70B55CAD2400AB0A002A51CF /* Debug */,
				70B55CAE2400AB0A002A51CF /* Release */,
			);
			defaultConfigurationIsVisible = 0;
			defaultConfigurationName = Release;
		};
		70B55CAF2400AB0A002A51CF /* Build configuration list for PBXNativeTarget "tumblr_v1Tests" */ = {
			isa = XCConfigurationList;
			buildConfigurations = (
				70B55CB02400AB0A002A51CF /* Debug */,
				70B55CB12400AB0A002A51CF /* Release */,
			);
			defaultConfigurationIsVisible = 0;
			defaultConfigurationName = Release;
		};
		70B55CB22400AB0A002A51CF /* Build configuration list for PBXNativeTarget "tumblr_v1UITests" */ = {
			isa = XCConfigurationList;
			buildConfigurations = (
				70B55CB32400AB0A002A51CF /* Debug */,
				70B55CB42400AB0A002A51CF /* Release */,
			);
			defaultConfigurationIsVisible = 0;
			defaultConfigurationName = Release;
		};
/* End XCConfigurationList section */
	};
	rootObject = 70B55C7A2400AB07002A51CF /* Project object */;
}
